
Microsoft Visual Studio Solution File, Format Version 12.00
# Visual Studio Version 17
VisualStudioVersion = 17.0.32112.339
MinimumVisualStudioVersion = 10.0.40219.1
Project("{FAE04EC0-301F-11D3-BF4B-00C04F79EFBC}") = "gt2-ELAB", "gt2-ELAB\gt2-ELAB.csproj", "{BFBA470C-38D6-4D0F-84CE-A84A2E4DB315}"
EndProject
Global
	GlobalSection(SolutionConfigurationPlatforms) = preSolution
		Debug|Any CPU = Debug|Any CPU
		Debug|x64 = Debug|x64
		Release|Any CPU = Release|Any CPU
		Release|x64 = Release|x64
	EndGlobalSection
	GlobalSection(ProjectConfigurationPlatforms) = postSolution
		{BFBA470C-38D6-4D0F-84CE-A84A2E4DB315}.Debug|Any CPU.ActiveCfg = Debug|Any CPU
		{BFBA470C-38D6-4D0F-84CE-A84A2E4DB315}.Debug|Any CPU.Build.0 = Debug|Any CPU
		{BFBA470C-38D6-4D0F-84CE-A84A2E4DB315}.Debug|x64.ActiveCfg = Debug|x64
		{BFBA470C-38D6-4D0F-84CE-A84A2E4DB315}.Debug|x64.Build.0 = Debug|x64
		{BFBA470C-38D6-4D0F-84CE-A84A2E4DB315}.Release|Any CPU.ActiveCfg = Release|Any CPU
		{BFBA470C-38D6-4D0F-84CE-A84A2E4DB315}.Release|Any CPU.Build.0 = Release|Any CPU
		{BFBA470C-38D6-4D0F-84CE-A84A2E4DB315}.Release|x64.ActiveCfg = Release|x64
		{BFBA470C-38D6-4D0F-84CE-A84A2E4DB315}.Release|x64.Build.0 = Release|x64
	EndGlobalSection
	GlobalSection(SolutionProperties) = preSolution
		HideSolutionNode = FALSE
	EndGlobalSection
	GlobalSection(ExtensibilityGlobals) = postSolution
		SolutionGuid = {6C775264-DAD7-4829-A20C-BB40E8557692}
	EndGlobalSection
EndGlobal
