
Microsoft Visual Studio Solution File, Format Version 12.00
# Visual Studio Version 16
VisualStudioVersion = 16.0.32228.343
MinimumVisualStudioVersion = 10.0.40219.1
Project("{FAE04EC0-301F-11D3-BF4B-00C04F79EFBC}") = "gt2-ELAB", "gt2-ELAB\gt2-ELAB.csproj", "{BFBA470C-38D6-4D0F-84CE-A84A2E4DB315}"
EndProject
Project("{54435603-DBB4-11D2-8724-00A0C9A8B90C}") = "GT3_ELAB", "GT3_ELAB\GT3_ELAB.vdproj", "{21621EDE-D046-46CB-8AAB-DAA20A9504D0}"
EndProject
Global
	GlobalSection(SolutionConfigurationPlatforms) = preSolution
		Debug|Any CPU = Debug|Any CPU
		Debug|x64 = Debug|x64
		Release|Any CPU = Release|Any CPU
		Release|x64 = Release|x64
	EndGlobalSection
	GlobalSection(ProjectConfigurationPlatforms) = postSolution
		{BFBA470C-38D6-4D0F-84CE-A84A2E4DB315}.Debug|Any CPU.ActiveCfg = Debug|Any CPU
		{BFBA470C-38D6-4D0F-84CE-A84A2E4DB315}.Debug|Any CPU.Build.0 = Debug|Any CPU
		{BFBA470C-38D6-4D0F-84CE-A84A2E4DB315}.Debug|x64.ActiveCfg = Debug|x64
		{BFBA470C-38D6-4D0F-84CE-A84A2E4DB315}.Debug|x64.Build.0 = Debug|x64
		{BFBA470C-38D6-4D0F-84CE-A84A2E4DB315}.Release|Any CPU.ActiveCfg = Release|Any CPU
		{BFBA470C-38D6-4D0F-84CE-A84A2E4DB315}.Release|Any CPU.Build.0 = Release|Any CPU
		{BFBA470C-38D6-4D0F-84CE-A84A2E4DB315}.Release|x64.ActiveCfg = Release|x64
		{BFBA470C-38D6-4D0F-84CE-A84A2E4DB315}.Release|x64.Build.0 = Release|x64
		{21621EDE-D046-46CB-8AAB-DAA20A9504D0}.Debug|Any CPU.ActiveCfg = Debug
		{21621EDE-D046-46CB-8AAB-DAA20A9504D0}.Debug|x64.ActiveCfg = Debug
		{21621EDE-D046-46CB-8AAB-DAA20A9504D0}.Release|Any CPU.ActiveCfg = Release
		{21621EDE-D046-46CB-8AAB-DAA20A9504D0}.Release|x64.ActiveCfg = Release
	EndGlobalSection
	GlobalSection(SolutionProperties) = preSolution
		HideSolutionNode = FALSE
	EndGlobalSection
	GlobalSection(ExtensibilityGlobals) = postSolution
		SolutionGuid = {6C775264-DAD7-4829-A20C-BB40E8557692}
	EndGlobalSection
EndGlobal
